
Microsoft Visual Studio Solution File, Format Version 12.00
# Visual Studio Version 16
VisualStudioVersion = 16.0.30907.101
MinimumVisualStudioVersion = 10.0.40219.1
Project("{FAE04EC0-301F-11D3-BF4B-00C04F79EFBC}") = "ArticleApp", "ArticleApp\ArticleApp.csproj", "{F17A1C38-6A7D-4881-AB96-9CAB4A34F32C}"
EndProject
Project("{00D1A9C2-B5F0-4AF3-8072-F6C62B433612}") = "ArticleApp.SqlServer", "ArticleApp.SqlServer\ArticleApp.SqlServer.sqlproj", "{ED32B67D-4EB3-4E20-B655-E72BC4585722}"
EndProject
Project("{FAE04EC0-301F-11D3-BF4B-00C04F79EFBC}") = "ArticleApp.Models.Tests", "ArticleApp.Models.Tests\ArticleApp.Models.Tests.csproj", "{32E5C8D8-5967-45A0-934B-C87027304253}"
EndProject
Global
	GlobalSection(SolutionConfigurationPlatforms) = preSolution
		Debug|Any CPU = Debug|Any CPU
		Release|Any CPU = Release|Any CPU
	EndGlobalSection
	GlobalSection(ProjectConfigurationPlatforms) = postSolution
		{F17A1C38-6A7D-4881-AB96-9CAB4A34F32C}.Debug|Any CPU.ActiveCfg = Debug|Any CPU
		{F17A1C38-6A7D-4881-AB96-9CAB4A34F32C}.Debug|Any CPU.Build.0 = Debug|Any CPU
		{F17A1C38-6A7D-4881-AB96-9CAB4A34F32C}.Release|Any CPU.ActiveCfg = Release|Any CPU
		{F17A1C38-6A7D-4881-AB96-9CAB4A34F32C}.Release|Any CPU.Build.0 = Release|Any CPU
		{ED32B67D-4EB3-4E20-B655-E72BC4585722}.Debug|Any CPU.ActiveCfg = Debug|Any CPU
		{ED32B67D-4EB3-4E20-B655-E72BC4585722}.Debug|Any CPU.Build.0 = Debug|Any CPU
		{ED32B67D-4EB3-4E20-B655-E72BC4585722}.Debug|Any CPU.Deploy.0 = Debug|Any CPU
		{ED32B67D-4EB3-4E20-B655-E72BC4585722}.Release|Any CPU.ActiveCfg = Release|Any CPU
		{ED32B67D-4EB3-4E20-B655-E72BC4585722}.Release|Any CPU.Build.0 = Release|Any CPU
		{ED32B67D-4EB3-4E20-B655-E72BC4585722}.Release|Any CPU.Deploy.0 = Release|Any CPU
		{32E5C8D8-5967-45A0-934B-C87027304253}.Debug|Any CPU.ActiveCfg = Debug|Any CPU
		{32E5C8D8-5967-45A0-934B-C87027304253}.Debug|Any CPU.Build.0 = Debug|Any CPU
		{32E5C8D8-5967-45A0-934B-C87027304253}.Release|Any CPU.ActiveCfg = Release|Any CPU
		{32E5C8D8-5967-45A0-934B-C87027304253}.Release|Any CPU.Build.0 = Release|Any CPU
	EndGlobalSection
	GlobalSection(SolutionProperties) = preSolution
		HideSolutionNode = FALSE
	EndGlobalSection
	GlobalSection(ExtensibilityGlobals) = postSolution
		SolutionGuid = {AA361FDD-81BC-4939-9D97-AB120603B86F}
	EndGlobalSection
EndGlobal
